// !$*UTF8*$!
{
	archiveVersion = 1;
	classes = {
	};
	objectVersion = 56;
	objects = {

/* Begin PBXBuildFile section */
		6CC457CE2A77AB1A00C3DF81 /* ReadMe.md in Resources */ = {isa = PBXBuildFile; fileRef = 6CC457CD2A77AB1A00C3DF81 /* ReadMe.md */; };
		B12338B92A7422B500DF2CE9 /* AppDelegate.swift in Sources */ = {isa = PBXBuildFile; fileRef = B12338B82A7422B500DF2CE9 /* AppDelegate.swift */; };
		B12338BB2A7422B500DF2CE9 /* SceneDelegate.swift in Sources */ = {isa = PBXBuildFile; fileRef = B12338BA2A7422B500DF2CE9 /* SceneDelegate.swift */; };
		B12338C22A7422B600DF2CE9 /* Assets.xcassets in Resources */ = {isa = PBXBuildFile; fileRef = B12338C12A7422B600DF2CE9 /* Assets.xcassets */; };
		B12338C52A7422B600DF2CE9 /* LaunchScreen.storyboard in Resources */ = {isa = PBXBuildFile; fileRef = B12338C32A7422B600DF2CE9 /* LaunchScreen.storyboard */; };
		B12338D02A7422B600DF2CE9 /* loveAppTests.swift in Sources */ = {isa = PBXBuildFile; fileRef = B12338CF2A7422B600DF2CE9 /* loveAppTests.swift */; };
		B12338DA2A7422B600DF2CE9 /* loveAppUITests.swift in Sources */ = {isa = PBXBuildFile; fileRef = B12338D92A7422B600DF2CE9 /* loveAppUITests.swift */; };
		B12338DC2A7422B600DF2CE9 /* loveAppUITestsLaunchTests.swift in Sources */ = {isa = PBXBuildFile; fileRef = B12338DB2A7422B600DF2CE9 /* loveAppUITestsLaunchTests.swift */; };
		B12338F72A7535C300DF2CE9 /* SignInVC.swift in Sources */ = {isa = PBXBuildFile; fileRef = B12338F52A7535C300DF2CE9 /* SignInVC.swift */; };
		B12338F82A7535C300DF2CE9 /* SignInVC.xib in Resources */ = {isa = PBXBuildFile; fileRef = B12338F62A7535C300DF2CE9 /* SignInVC.xib */; };
		B12338FA2A753D6D00DF2CE9 /* SignInViewModel.swift in Sources */ = {isa = PBXBuildFile; fileRef = B12338F92A753D6D00DF2CE9 /* SignInViewModel.swift */; };
		B12338FC2A75427E00DF2CE9 /* GoogleService-Info.plist in Resources */ = {isa = PBXBuildFile; fileRef = B12338FB2A75427E00DF2CE9 /* GoogleService-Info.plist */; };
		B12339092A754A1900DF2CE9 /* HomeVC.swift in Sources */ = {isa = PBXBuildFile; fileRef = B12339072A754A1900DF2CE9 /* HomeVC.swift */; };
		B123390A2A754A1900DF2CE9 /* HomeVC.xib in Resources */ = {isa = PBXBuildFile; fileRef = B12339082A754A1900DF2CE9 /* HomeVC.xib */; };
		B123390E2A75577900DF2CE9 /* CustomView.xib in Resources */ = {isa = PBXBuildFile; fileRef = B123390D2A75577900DF2CE9 /* CustomView.xib */; };
		B12339102A75578600DF2CE9 /* CustomView.swift in Sources */ = {isa = PBXBuildFile; fileRef = B123390F2A75578600DF2CE9 /* CustomView.swift */; };
		B12339122A755DA300DF2CE9 /* UIView+Extensions.swift in Sources */ = {isa = PBXBuildFile; fileRef = B12339112A755DA300DF2CE9 /* UIView+Extensions.swift */; };
		B12339152A75865500DF2CE9 /* UserModel.swift in Sources */ = {isa = PBXBuildFile; fileRef = B12339142A75865500DF2CE9 /* UserModel.swift */; };
		B123391B2A76FD5A00DF2CE9 /* CustomViewModel.swift in Sources */ = {isa = PBXBuildFile; fileRef = B123391A2A76FD5A00DF2CE9 /* CustomViewModel.swift */; };
		B123391D2A77F92F00DF2CE9 /* UIColor+Extension.swift in Sources */ = {isa = PBXBuildFile; fileRef = B123391C2A77F92F00DF2CE9 /* UIColor+Extension.swift */; };
		B12339242A77FE6000DF2CE9 /* Coordinator.swift in Sources */ = {isa = PBXBuildFile; fileRef = B12339232A77FE6000DF2CE9 /* Coordinator.swift */; };
		B12339292A79288A00DF2CE9 /* SignUpVC.swift in Sources */ = {isa = PBXBuildFile; fileRef = B12339272A79288A00DF2CE9 /* SignUpVC.swift */; };
		B123392A2A79288A00DF2CE9 /* SignUpVC.xib in Resources */ = {isa = PBXBuildFile; fileRef = B12339282A79288A00DF2CE9 /* SignUpVC.xib */; };
		B123392C2A79370000DF2CE9 /* SignUpViewModel.swift in Sources */ = {isa = PBXBuildFile; fileRef = B123392B2A79370000DF2CE9 /* SignUpViewModel.swift */; };
		B12339312A79A8DD00DF2CE9 /* MessageVC.swift in Sources */ = {isa = PBXBuildFile; fileRef = B123392F2A79A8DD00DF2CE9 /* MessageVC.swift */; };
		B12339322A79A8DD00DF2CE9 /* MessageVC.xib in Resources */ = {isa = PBXBuildFile; fileRef = B12339302A79A8DD00DF2CE9 /* MessageVC.xib */; };
		B12339352A7A77E000DF2CE9 /* ProfileVC.swift in Sources */ = {isa = PBXBuildFile; fileRef = B12339332A7A77E000DF2CE9 /* ProfileVC.swift */; };
		B12339362A7A77E000DF2CE9 /* ProfileVC.xib in Resources */ = {isa = PBXBuildFile; fileRef = B12339342A7A77E000DF2CE9 /* ProfileVC.xib */; };
		B12339382A7A77EF00DF2CE9 /* MainCoordinator.swift in Sources */ = {isa = PBXBuildFile; fileRef = B12339372A7A77EF00DF2CE9 /* MainCoordinator.swift */; };
		B123393A2A7A7BE500DF2CE9 /* TabbarController.swift in Sources */ = {isa = PBXBuildFile; fileRef = B12339392A7A7BE500DF2CE9 /* TabbarController.swift */; };
		B123393F2A7AB94100DF2CE9 /* CollectionViewCell.swift in Sources */ = {isa = PBXBuildFile; fileRef = B123393D2A7AB94100DF2CE9 /* CollectionViewCell.swift */; };
		B12339402A7AB94100DF2CE9 /* CollectionViewCell.xib in Resources */ = {isa = PBXBuildFile; fileRef = B123393E2A7AB94100DF2CE9 /* CollectionViewCell.xib */; };
		B12339432A7AB96400DF2CE9 /* TableViewCell.swift in Sources */ = {isa = PBXBuildFile; fileRef = B12339412A7AB96400DF2CE9 /* TableViewCell.swift */; };
		B12339442A7AB96400DF2CE9 /* TableViewCell.xib in Resources */ = {isa = PBXBuildFile; fileRef = B12339422A7AB96400DF2CE9 /* TableViewCell.xib */; };
		B12339482A7BC1D000DF2CE9 /* FilterVC.swift in Sources */ = {isa = PBXBuildFile; fileRef = B12339462A7BC1D000DF2CE9 /* FilterVC.swift */; };
		B12339492A7BC1D000DF2CE9 /* FilterVC.xib in Resources */ = {isa = PBXBuildFile; fileRef = B12339472A7BC1D000DF2CE9 /* FilterVC.xib */; };
		B12339522A7C040600DF2CE9 /* ProfileEditVC.swift in Sources */ = {isa = PBXBuildFile; fileRef = B12339502A7C040600DF2CE9 /* ProfileEditVC.swift */; };
		B12339532A7C040600DF2CE9 /* ProfileEditVC.xib in Resources */ = {isa = PBXBuildFile; fileRef = B12339512A7C040600DF2CE9 /* ProfileEditVC.xib */; };
		B12339572A7C056200DF2CE9 /* SafetyVC.swift in Sources */ = {isa = PBXBuildFile; fileRef = B12339552A7C056200DF2CE9 /* SafetyVC.swift */; };
		B12339582A7C056200DF2CE9 /* SafetyVC.xib in Resources */ = {isa = PBXBuildFile; fileRef = B12339562A7C056200DF2CE9 /* SafetyVC.xib */; };
		B123395C2A7C157700DF2CE9 /* SettingsVC.swift in Sources */ = {isa = PBXBuildFile; fileRef = B123395A2A7C157700DF2CE9 /* SettingsVC.swift */; };
		B123395D2A7C157700DF2CE9 /* SettingsVC.xib in Resources */ = {isa = PBXBuildFile; fileRef = B123395B2A7C157700DF2CE9 /* SettingsVC.xib */; };
		B12339612A7C5F8500DF2CE9 /* SettingsTableCell.swift in Sources */ = {isa = PBXBuildFile; fileRef = B123395F2A7C5F8500DF2CE9 /* SettingsTableCell.swift */; };
		B12339622A7C5F8500DF2CE9 /* SettingsTableCell.xib in Resources */ = {isa = PBXBuildFile; fileRef = B12339602A7C5F8500DF2CE9 /* SettingsTableCell.xib */; };
		B12339662A7C610000DF2CE9 /* ChatVC.swift in Sources */ = {isa = PBXBuildFile; fileRef = B12339642A7C610000DF2CE9 /* ChatVC.swift */; };
		B12339672A7C610000DF2CE9 /* ChatVC.xib in Resources */ = {isa = PBXBuildFile; fileRef = B12339652A7C610000DF2CE9 /* ChatVC.xib */; };
		B12339702A7D198E00DF2CE9 /* UserDetailVC.swift in Sources */ = {isa = PBXBuildFile; fileRef = B123396E2A7D198E00DF2CE9 /* UserDetailVC.swift */; };
		B12339712A7D198E00DF2CE9 /* UserDetailVC.xib in Resources */ = {isa = PBXBuildFile; fileRef = B123396F2A7D198E00DF2CE9 /* UserDetailVC.xib */; };
		B12339752A7D1C5D00DF2CE9 /* UserDetailTableCell.swift in Sources */ = {isa = PBXBuildFile; fileRef = B12339732A7D1C5D00DF2CE9 /* UserDetailTableCell.swift */; };
		B12339762A7D1C5D00DF2CE9 /* UserDetailTableCell.xib in Resources */ = {isa = PBXBuildFile; fileRef = B12339742A7D1C5D00DF2CE9 /* UserDetailTableCell.xib */; };
		B123397A2A7D25BB00DF2CE9 /* ProfileEditTableCell.swift in Sources */ = {isa = PBXBuildFile; fileRef = B12339782A7D25BB00DF2CE9 /* ProfileEditTableCell.swift */; };
		B123397B2A7D25BB00DF2CE9 /* ProfileEditTableCell.xib in Resources */ = {isa = PBXBuildFile; fileRef = B12339792A7D25BB00DF2CE9 /* ProfileEditTableCell.xib */; };
		B123397D2A7D910A00DF2CE9 /* AdsModel.swift in Sources */ = {isa = PBXBuildFile; fileRef = B123397C2A7D910A00DF2CE9 /* AdsModel.swift */; };
/* End PBXBuildFile section */

/* Begin PBXContainerItemProxy section */
		B12338CC2A7422B600DF2CE9 /* PBXContainerItemProxy */ = {
			isa = PBXContainerItemProxy;
			containerPortal = B12338AD2A7422B500DF2CE9 /* Project object */;
			proxyType = 1;
			remoteGlobalIDString = B12338B42A7422B500DF2CE9;
			remoteInfo = loveApp;
		};
		B12338D62A7422B600DF2CE9 /* PBXContainerItemProxy */ = {
			isa = PBXContainerItemProxy;
			containerPortal = B12338AD2A7422B500DF2CE9 /* Project object */;
			proxyType = 1;
			remoteGlobalIDString = B12338B42A7422B500DF2CE9;
			remoteInfo = loveApp;
		};
/* End PBXContainerItemProxy section */

/* Begin PBXFileReference section */
		6CC457CD2A77AB1A00C3DF81 /* ReadMe.md */ = {isa = PBXFileReference; lastKnownFileType = net.daringfireball.markdown; path = ReadMe.md; sourceTree = "<group>"; };
		B12338B52A7422B500DF2CE9 /* LoveApp.app */ = {isa = PBXFileReference; explicitFileType = wrapper.application; includeInIndex = 0; path = LoveApp.app; sourceTree = BUILT_PRODUCTS_DIR; };
		B12338B82A7422B500DF2CE9 /* AppDelegate.swift */ = {isa = PBXFileReference; lastKnownFileType = sourcecode.swift; path = AppDelegate.swift; sourceTree = "<group>"; };
		B12338BA2A7422B500DF2CE9 /* SceneDelegate.swift */ = {isa = PBXFileReference; lastKnownFileType = sourcecode.swift; path = SceneDelegate.swift; sourceTree = "<group>"; };
		B12338C12A7422B600DF2CE9 /* Assets.xcassets */ = {isa = PBXFileReference; lastKnownFileType = folder.assetcatalog; path = Assets.xcassets; sourceTree = "<group>"; };
		B12338C62A7422B600DF2CE9 /* Info.plist */ = {isa = PBXFileReference; lastKnownFileType = text.plist.xml; path = Info.plist; sourceTree = "<group>"; };
		B12338CB2A7422B600DF2CE9 /* LoveAppTests.xctest */ = {isa = PBXFileReference; explicitFileType = wrapper.cfbundle; includeInIndex = 0; path = LoveAppTests.xctest; sourceTree = BUILT_PRODUCTS_DIR; };
		B12338CF2A7422B600DF2CE9 /* loveAppTests.swift */ = {isa = PBXFileReference; lastKnownFileType = sourcecode.swift; path = loveAppTests.swift; sourceTree = "<group>"; };
		B12338D52A7422B600DF2CE9 /* LoveAppUITests.xctest */ = {isa = PBXFileReference; explicitFileType = wrapper.cfbundle; includeInIndex = 0; path = LoveAppUITests.xctest; sourceTree = BUILT_PRODUCTS_DIR; };
		B12338D92A7422B600DF2CE9 /* loveAppUITests.swift */ = {isa = PBXFileReference; lastKnownFileType = sourcecode.swift; path = loveAppUITests.swift; sourceTree = "<group>"; };
		B12338DB2A7422B600DF2CE9 /* loveAppUITestsLaunchTests.swift */ = {isa = PBXFileReference; lastKnownFileType = sourcecode.swift; path = loveAppUITestsLaunchTests.swift; sourceTree = "<group>"; };
		B12338F22A7534EF00DF2CE9 /* Base */ = {isa = PBXFileReference; lastKnownFileType = file.storyboard; name = Base; path = Base.lproj/LaunchScreen.storyboard; sourceTree = "<group>"; };
		B12338F52A7535C300DF2CE9 /* SignInVC.swift */ = {isa = PBXFileReference; lastKnownFileType = sourcecode.swift; path = SignInVC.swift; sourceTree = "<group>"; };
		B12338F62A7535C300DF2CE9 /* SignInVC.xib */ = {isa = PBXFileReference; lastKnownFileType = file.xib; path = SignInVC.xib; sourceTree = "<group>"; };
		B12338F92A753D6D00DF2CE9 /* SignInViewModel.swift */ = {isa = PBXFileReference; lastKnownFileType = sourcecode.swift; path = SignInViewModel.swift; sourceTree = "<group>"; };
		B12338FB2A75427E00DF2CE9 /* GoogleService-Info.plist */ = {isa = PBXFileReference; fileEncoding = 4; lastKnownFileType = text.plist.xml; path = "GoogleService-Info.plist"; sourceTree = "<group>"; };
		B12339072A754A1900DF2CE9 /* HomeVC.swift */ = {isa = PBXFileReference; lastKnownFileType = sourcecode.swift; path = HomeVC.swift; sourceTree = "<group>"; };
		B12339082A754A1900DF2CE9 /* HomeVC.xib */ = {isa = PBXFileReference; lastKnownFileType = file.xib; path = HomeVC.xib; sourceTree = "<group>"; };
		B123390D2A75577900DF2CE9 /* CustomView.xib */ = {isa = PBXFileReference; lastKnownFileType = file.xib; path = CustomView.xib; sourceTree = "<group>"; };
		B123390F2A75578600DF2CE9 /* CustomView.swift */ = {isa = PBXFileReference; lastKnownFileType = sourcecode.swift; path = CustomView.swift; sourceTree = "<group>"; };
		B12339112A755DA300DF2CE9 /* UIView+Extensions.swift */ = {isa = PBXFileReference; lastKnownFileType = sourcecode.swift; path = "UIView+Extensions.swift"; sourceTree = "<group>"; };
		B12339142A75865500DF2CE9 /* UserModel.swift */ = {isa = PBXFileReference; lastKnownFileType = sourcecode.swift; path = UserModel.swift; sourceTree = "<group>"; };
		B123391A2A76FD5A00DF2CE9 /* CustomViewModel.swift */ = {isa = PBXFileReference; lastKnownFileType = sourcecode.swift; path = CustomViewModel.swift; sourceTree = "<group>"; };
		B123391C2A77F92F00DF2CE9 /* UIColor+Extension.swift */ = {isa = PBXFileReference; lastKnownFileType = sourcecode.swift; path = "UIColor+Extension.swift"; sourceTree = "<group>"; };
		B12339232A77FE6000DF2CE9 /* Coordinator.swift */ = {isa = PBXFileReference; lastKnownFileType = sourcecode.swift; path = Coordinator.swift; sourceTree = "<group>"; };
		B12339272A79288A00DF2CE9 /* SignUpVC.swift */ = {isa = PBXFileReference; lastKnownFileType = sourcecode.swift; path = SignUpVC.swift; sourceTree = "<group>"; };
		B12339282A79288A00DF2CE9 /* SignUpVC.xib */ = {isa = PBXFileReference; lastKnownFileType = file.xib; path = SignUpVC.xib; sourceTree = "<group>"; };
		B123392B2A79370000DF2CE9 /* SignUpViewModel.swift */ = {isa = PBXFileReference; lastKnownFileType = sourcecode.swift; path = SignUpViewModel.swift; sourceTree = "<group>"; };
		B123392F2A79A8DD00DF2CE9 /* MessageVC.swift */ = {isa = PBXFileReference; lastKnownFileType = sourcecode.swift; path = MessageVC.swift; sourceTree = "<group>"; };
		B12339302A79A8DD00DF2CE9 /* MessageVC.xib */ = {isa = PBXFileReference; lastKnownFileType = file.xib; path = MessageVC.xib; sourceTree = "<group>"; };
		B12339332A7A77E000DF2CE9 /* ProfileVC.swift */ = {isa = PBXFileReference; lastKnownFileType = sourcecode.swift; path = ProfileVC.swift; sourceTree = "<group>"; };
		B12339342A7A77E000DF2CE9 /* ProfileVC.xib */ = {isa = PBXFileReference; lastKnownFileType = file.xib; path = ProfileVC.xib; sourceTree = "<group>"; };
		B12339372A7A77EF00DF2CE9 /* MainCoordinator.swift */ = {isa = PBXFileReference; lastKnownFileType = sourcecode.swift; path = MainCoordinator.swift; sourceTree = "<group>"; };
		B12339392A7A7BE500DF2CE9 /* TabbarController.swift */ = {isa = PBXFileReference; lastKnownFileType = sourcecode.swift; path = TabbarController.swift; sourceTree = "<group>"; };
		B123393D2A7AB94100DF2CE9 /* CollectionViewCell.swift */ = {isa = PBXFileReference; lastKnownFileType = sourcecode.swift; path = CollectionViewCell.swift; sourceTree = "<group>"; };
		B123393E2A7AB94100DF2CE9 /* CollectionViewCell.xib */ = {isa = PBXFileReference; lastKnownFileType = file.xib; path = CollectionViewCell.xib; sourceTree = "<group>"; };
		B12339412A7AB96400DF2CE9 /* TableViewCell.swift */ = {isa = PBXFileReference; lastKnownFileType = sourcecode.swift; path = TableViewCell.swift; sourceTree = "<group>"; };
		B12339422A7AB96400DF2CE9 /* TableViewCell.xib */ = {isa = PBXFileReference; lastKnownFileType = file.xib; path = TableViewCell.xib; sourceTree = "<group>"; };
		B12339462A7BC1D000DF2CE9 /* FilterVC.swift */ = {isa = PBXFileReference; lastKnownFileType = sourcecode.swift; path = FilterVC.swift; sourceTree = "<group>"; };
		B12339472A7BC1D000DF2CE9 /* FilterVC.xib */ = {isa = PBXFileReference; lastKnownFileType = file.xib; path = FilterVC.xib; sourceTree = "<group>"; };
		B12339502A7C040600DF2CE9 /* ProfileEditVC.swift */ = {isa = PBXFileReference; lastKnownFileType = sourcecode.swift; path = ProfileEditVC.swift; sourceTree = "<group>"; };
		B12339512A7C040600DF2CE9 /* ProfileEditVC.xib */ = {isa = PBXFileReference; lastKnownFileType = file.xib; path = ProfileEditVC.xib; sourceTree = "<group>"; };
		B12339552A7C056200DF2CE9 /* SafetyVC.swift */ = {isa = PBXFileReference; lastKnownFileType = sourcecode.swift; path = SafetyVC.swift; sourceTree = "<group>"; };
		B12339562A7C056200DF2CE9 /* SafetyVC.xib */ = {isa = PBXFileReference; lastKnownFileType = file.xib; path = SafetyVC.xib; sourceTree = "<group>"; };
		B123395A2A7C157700DF2CE9 /* SettingsVC.swift */ = {isa = PBXFileReference; lastKnownFileType = sourcecode.swift; path = SettingsVC.swift; sourceTree = "<group>"; };
		B123395B2A7C157700DF2CE9 /* SettingsVC.xib */ = {isa = PBXFileReference; lastKnownFileType = file.xib; path = SettingsVC.xib; sourceTree = "<group>"; };
		B123395F2A7C5F8500DF2CE9 /* SettingsTableCell.swift */ = {isa = PBXFileReference; lastKnownFileType = sourcecode.swift; path = SettingsTableCell.swift; sourceTree = "<group>"; };
		B12339602A7C5F8500DF2CE9 /* SettingsTableCell.xib */ = {isa = PBXFileReference; lastKnownFileType = file.xib; path = SettingsTableCell.xib; sourceTree = "<group>"; };
		B12339642A7C610000DF2CE9 /* ChatVC.swift */ = {isa = PBXFileReference; lastKnownFileType = sourcecode.swift; path = ChatVC.swift; sourceTree = "<group>"; };
		B12339652A7C610000DF2CE9 /* ChatVC.xib */ = {isa = PBXFileReference; lastKnownFileType = file.xib; path = ChatVC.xib; sourceTree = "<group>"; };
		B123396E2A7D198E00DF2CE9 /* UserDetailVC.swift */ = {isa = PBXFileReference; lastKnownFileType = sourcecode.swift; path = UserDetailVC.swift; sourceTree = "<group>"; };
		B123396F2A7D198E00DF2CE9 /* UserDetailVC.xib */ = {isa = PBXFileReference; lastKnownFileType = file.xib; path = UserDetailVC.xib; sourceTree = "<group>"; };
		B12339732A7D1C5D00DF2CE9 /* UserDetailTableCell.swift */ = {isa = PBXFileReference; lastKnownFileType = sourcecode.swift; path = UserDetailTableCell.swift; sourceTree = "<group>"; };
		B12339742A7D1C5D00DF2CE9 /* UserDetailTableCell.xib */ = {isa = PBXFileReference; lastKnownFileType = file.xib; path = UserDetailTableCell.xib; sourceTree = "<group>"; };
		B12339782A7D25BB00DF2CE9 /* ProfileEditTableCell.swift */ = {isa = PBXFileReference; lastKnownFileType = sourcecode.swift; path = ProfileEditTableCell.swift; sourceTree = "<group>"; };
		B12339792A7D25BB00DF2CE9 /* ProfileEditTableCell.xib */ = {isa = PBXFileReference; lastKnownFileType = file.xib; path = ProfileEditTableCell.xib; sourceTree = "<group>"; };
		B123397C2A7D910A00DF2CE9 /* AdsModel.swift */ = {isa = PBXFileReference; lastKnownFileType = sourcecode.swift; path = AdsModel.swift; sourceTree = "<group>"; };
/* End PBXFileReference section */

/* Begin PBXFrameworksBuildPhase section */
		B12338B22A7422B500DF2CE9 /* Frameworks */ = {
			isa = PBXFrameworksBuildPhase;
			buildActionMask = 2147483647;
			files = (
			);
			runOnlyForDeploymentPostprocessing = 0;
		};
		B12338C82A7422B600DF2CE9 /* Frameworks */ = {
			isa = PBXFrameworksBuildPhase;
			buildActionMask = 2147483647;
			files = (
			);
			runOnlyForDeploymentPostprocessing = 0;
		};
		B12338D22A7422B600DF2CE9 /* Frameworks */ = {
			isa = PBXFrameworksBuildPhase;
			buildActionMask = 2147483647;
			files = (
			);
			runOnlyForDeploymentPostprocessing = 0;
		};
/* End PBXFrameworksBuildPhase section */

/* Begin PBXGroup section */
		B12338AC2A7422B500DF2CE9 = {
			isa = PBXGroup;
			children = (
				B12338B72A7422B500DF2CE9 /* LoveApp */,
				B12338CE2A7422B600DF2CE9 /* LoveAppTests */,
				B12338D82A7422B600DF2CE9 /* LoveAppUITests */,
				B12338B62A7422B500DF2CE9 /* Products */,
			);
			sourceTree = "<group>";
		};
		B12338B62A7422B500DF2CE9 /* Products */ = {
			isa = PBXGroup;
			children = (
				B12338B52A7422B500DF2CE9 /* LoveApp.app */,
				B12338CB2A7422B600DF2CE9 /* LoveAppTests.xctest */,
				B12338D52A7422B600DF2CE9 /* LoveAppUITests.xctest */,
			);
			name = Products;
			sourceTree = "<group>";
		};
		B12338B72A7422B500DF2CE9 /* LoveApp */ = {
			isa = PBXGroup;
			children = (
				B123391E2A77F9DE00DF2CE9 /* AppFiles */,
				B12339202A77FA7100DF2CE9 /* Screens */,
				B12339132A75864900DF2CE9 /* Models */,
				B12339212A77FAA200DF2CE9 /* Managers */,
				B123390B2A75520300DF2CE9 /* Extensions */,
				B123391F2A77FA3C00DF2CE9 /* Sources */,
				6CC457CD2A77AB1A00C3DF81 /* ReadMe.md */,
				B12338FB2A75427E00DF2CE9 /* GoogleService-Info.plist */,
				B12338C62A7422B600DF2CE9 /* Info.plist */,
			);
			path = LoveApp;
			sourceTree = "<group>";
		};
		B12338CE2A7422B600DF2CE9 /* LoveAppTests */ = {
			isa = PBXGroup;
			children = (
				B12338CF2A7422B600DF2CE9 /* loveAppTests.swift */,
			);
			path = LoveAppTests;
			sourceTree = "<group>";
		};
		B12338D82A7422B600DF2CE9 /* LoveAppUITests */ = {
			isa = PBXGroup;
			children = (
				B12338D92A7422B600DF2CE9 /* loveAppUITests.swift */,
				B12338DB2A7422B600DF2CE9 /* loveAppUITestsLaunchTests.swift */,
			);
			path = LoveAppUITests;
			sourceTree = "<group>";
		};
		B12338E82A743AE800DF2CE9 /* SignInScreen */ = {
			isa = PBXGroup;
			children = (
				B12338F52A7535C300DF2CE9 /* SignInVC.swift */,
				B12338F62A7535C300DF2CE9 /* SignInVC.xib */,
				B12338F92A753D6D00DF2CE9 /* SignInViewModel.swift */,
			);
			path = SignInScreen;
			sourceTree = "<group>";
		};
		B12339062A754A0A00DF2CE9 /* HomeScreen */ = {
			isa = PBXGroup;
			children = (
				B12339072A754A1900DF2CE9 /* HomeVC.swift */,
				B12339082A754A1900DF2CE9 /* HomeVC.xib */,
			);
			path = HomeScreen;
			sourceTree = "<group>";
		};
		B123390B2A75520300DF2CE9 /* Extensions */ = {
			isa = PBXGroup;
			children = (
				B12339112A755DA300DF2CE9 /* UIView+Extensions.swift */,
				B123391C2A77F92F00DF2CE9 /* UIColor+Extension.swift */,
			);
			path = Extensions;
			sourceTree = "<group>";
		};
		B123390C2A75576900DF2CE9 /* CustomView */ = {
			isa = PBXGroup;
			children = (
				B123390D2A75577900DF2CE9 /* CustomView.xib */,
				B123390F2A75578600DF2CE9 /* CustomView.swift */,
				B123391A2A76FD5A00DF2CE9 /* CustomViewModel.swift */,
			);
			path = CustomView;
			sourceTree = "<group>";
		};
		B12339132A75864900DF2CE9 /* Models */ = {
			isa = PBXGroup;
			children = (
				B12339142A75865500DF2CE9 /* UserModel.swift */,
				B123397C2A7D910A00DF2CE9 /* AdsModel.swift */,
			);
			path = Models;
			sourceTree = "<group>";
		};
		B123391E2A77F9DE00DF2CE9 /* AppFiles */ = {
			isa = PBXGroup;
			children = (
				B12338B82A7422B500DF2CE9 /* AppDelegate.swift */,
				B12338BA2A7422B500DF2CE9 /* SceneDelegate.swift */,
				B12338C12A7422B600DF2CE9 /* Assets.xcassets */,
				B12338C32A7422B600DF2CE9 /* LaunchScreen.storyboard */,
			);
			path = AppFiles;
			sourceTree = "<group>";
		};
		B123391F2A77FA3C00DF2CE9 /* Sources */ = {
			isa = PBXGroup;
			children = (
				B123390C2A75576900DF2CE9 /* CustomView */,
			);
			path = Sources;
			sourceTree = "<group>";
		};
		B12339202A77FA7100DF2CE9 /* Screens */ = {
			isa = PBXGroup;
			children = (
				B12338E82A743AE800DF2CE9 /* SignInScreen */,
				B12339262A79285300DF2CE9 /* SignUpScreen */,
				B12339062A754A0A00DF2CE9 /* HomeScreen */,
				B123396D2A7D197E00DF2CE9 /* UserDetailScreen */,
				B12339452A7BC1A000DF2CE9 /* FilterScreen */,
				B123392D2A793AE700DF2CE9 /* MessageScreen */,
				B12339632A7C60D800DF2CE9 /* ChatScreen */,
				B123392E2A793AF300DF2CE9 /* ProfileScreen */,
				B123394F2A7C03F400DF2CE9 /* ProfileEditScreen */,
				B12339542A7C055000DF2CE9 /* SafetyScreen */,
				B12339592A7C155600DF2CE9 /* SettingsScreen */,
			);
			path = Screens;
			sourceTree = "<group>";
		};
		B12339212A77FAA200DF2CE9 /* Managers */ = {
			isa = PBXGroup;
			children = (
				B12339232A77FE6000DF2CE9 /* Coordinator.swift */,
				B12339372A7A77EF00DF2CE9 /* MainCoordinator.swift */,
				B12339392A7A7BE500DF2CE9 /* TabbarController.swift */,
			);
			path = Managers;
			sourceTree = "<group>";
		};
		B12339262A79285300DF2CE9 /* SignUpScreen */ = {
			isa = PBXGroup;
			children = (
				B12339272A79288A00DF2CE9 /* SignUpVC.swift */,
				B12339282A79288A00DF2CE9 /* SignUpVC.xib */,
				B123392B2A79370000DF2CE9 /* SignUpViewModel.swift */,
			);
			path = SignUpScreen;
			sourceTree = "<group>";
		};
		B123392D2A793AE700DF2CE9 /* MessageScreen */ = {
			isa = PBXGroup;
			children = (
				B123393C2A7AB92F00DF2CE9 /* CollectionCell */,
				B123393B2A7AB92600DF2CE9 /* TableCell */,
				B123392F2A79A8DD00DF2CE9 /* MessageVC.swift */,
				B12339302A79A8DD00DF2CE9 /* MessageVC.xib */,
			);
			path = MessageScreen;
			sourceTree = "<group>";
		};
		B123392E2A793AF300DF2CE9 /* ProfileScreen */ = {
			isa = PBXGroup;
			children = (
				B12339332A7A77E000DF2CE9 /* ProfileVC.swift */,
				B12339342A7A77E000DF2CE9 /* ProfileVC.xib */,
			);
			path = ProfileScreen;
			sourceTree = "<group>";
		};
		B123393B2A7AB92600DF2CE9 /* TableCell */ = {
			isa = PBXGroup;
			children = (
				B12339412A7AB96400DF2CE9 /* TableViewCell.swift */,
				B12339422A7AB96400DF2CE9 /* TableViewCell.xib */,
			);
			path = TableCell;
			sourceTree = "<group>";
		};
		B123393C2A7AB92F00DF2CE9 /* CollectionCell */ = {
			isa = PBXGroup;
			children = (
				B123393D2A7AB94100DF2CE9 /* CollectionViewCell.swift */,
				B123393E2A7AB94100DF2CE9 /* CollectionViewCell.xib */,
			);
			path = CollectionCell;
			sourceTree = "<group>";
		};
		B12339452A7BC1A000DF2CE9 /* FilterScreen */ = {
			isa = PBXGroup;
			children = (
				B12339462A7BC1D000DF2CE9 /* FilterVC.swift */,
				B12339472A7BC1D000DF2CE9 /* FilterVC.xib */,
			);
			path = FilterScreen;
			sourceTree = "<group>";
		};
		B123394F2A7C03F400DF2CE9 /* ProfileEditScreen */ = {
			isa = PBXGroup;
			children = (
				B12339772A7D25A700DF2CE9 /* ProfileEditTableCell */,
				B12339502A7C040600DF2CE9 /* ProfileEditVC.swift */,
				B12339512A7C040600DF2CE9 /* ProfileEditVC.xib */,
			);
			path = ProfileEditScreen;
			sourceTree = "<group>";
		};
		B12339542A7C055000DF2CE9 /* SafetyScreen */ = {
			isa = PBXGroup;
			children = (
				B12339552A7C056200DF2CE9 /* SafetyVC.swift */,
				B12339562A7C056200DF2CE9 /* SafetyVC.xib */,
			);
			path = SafetyScreen;
			sourceTree = "<group>";
		};
		B12339592A7C155600DF2CE9 /* SettingsScreen */ = {
			isa = PBXGroup;
			children = (
				B123395E2A7C5F6900DF2CE9 /* SettingsTableCell */,
				B123395A2A7C157700DF2CE9 /* SettingsVC.swift */,
				B123395B2A7C157700DF2CE9 /* SettingsVC.xib */,
			);
			path = SettingsScreen;
			sourceTree = "<group>";
		};
		B123395E2A7C5F6900DF2CE9 /* SettingsTableCell */ = {
			isa = PBXGroup;
			children = (
				B123395F2A7C5F8500DF2CE9 /* SettingsTableCell.swift */,
				B12339602A7C5F8500DF2CE9 /* SettingsTableCell.xib */,
			);
			path = SettingsTableCell;
			sourceTree = "<group>";
		};
		B12339632A7C60D800DF2CE9 /* ChatScreen */ = {
			isa = PBXGroup;
			children = (
				B12339642A7C610000DF2CE9 /* ChatVC.swift */,
				B12339652A7C610000DF2CE9 /* ChatVC.xib */,
			);
			path = ChatScreen;
			sourceTree = "<group>";
		};
		B123396D2A7D197E00DF2CE9 /* UserDetailScreen */ = {
			isa = PBXGroup;
			children = (
				B12339722A7D1BDD00DF2CE9 /* UserDetailTableCell */,
				B123396E2A7D198E00DF2CE9 /* UserDetailVC.swift */,
				B123396F2A7D198E00DF2CE9 /* UserDetailVC.xib */,
			);
			path = UserDetailScreen;
			sourceTree = "<group>";
		};
		B12339722A7D1BDD00DF2CE9 /* UserDetailTableCell */ = {
			isa = PBXGroup;
			children = (
				B12339732A7D1C5D00DF2CE9 /* UserDetailTableCell.swift */,
				B12339742A7D1C5D00DF2CE9 /* UserDetailTableCell.xib */,
			);
			path = UserDetailTableCell;
			sourceTree = "<group>";
		};
		B12339772A7D25A700DF2CE9 /* ProfileEditTableCell */ = {
			isa = PBXGroup;
			children = (
				B12339782A7D25BB00DF2CE9 /* ProfileEditTableCell.swift */,
				B12339792A7D25BB00DF2CE9 /* ProfileEditTableCell.xib */,
			);
			path = ProfileEditTableCell;
			sourceTree = "<group>";
		};
/* End PBXGroup section */

/* Begin PBXNativeTarget section */
		B12338B42A7422B500DF2CE9 /* LoveApp */ = {
			isa = PBXNativeTarget;
			buildConfigurationList = B12338DF2A7422B600DF2CE9 /* Build configuration list for PBXNativeTarget "LoveApp" */;
			buildPhases = (
				B12338B12A7422B500DF2CE9 /* Sources */,
				B12338B22A7422B500DF2CE9 /* Frameworks */,
				B12338B32A7422B500DF2CE9 /* Resources */,
			);
			buildRules = (
			);
			dependencies = (
			);
			name = LoveApp;
			packageProductDependencies = (
			);
			productName = loveApp;
			productReference = B12338B52A7422B500DF2CE9 /* LoveApp.app */;
			productType = "com.apple.product-type.application";
		};
		B12338CA2A7422B600DF2CE9 /* LoveAppTests */ = {
			isa = PBXNativeTarget;
			buildConfigurationList = B12338E22A7422B600DF2CE9 /* Build configuration list for PBXNativeTarget "LoveAppTests" */;
			buildPhases = (
				B12338C72A7422B600DF2CE9 /* Sources */,
				B12338C82A7422B600DF2CE9 /* Frameworks */,
				B12338C92A7422B600DF2CE9 /* Resources */,
			);
			buildRules = (
			);
			dependencies = (
				B12338CD2A7422B600DF2CE9 /* PBXTargetDependency */,
			);
			name = LoveAppTests;
			productName = loveAppTests;
			productReference = B12338CB2A7422B600DF2CE9 /* LoveAppTests.xctest */;
			productType = "com.apple.product-type.bundle.unit-test";
		};
		B12338D42A7422B600DF2CE9 /* LoveAppUITests */ = {
			isa = PBXNativeTarget;
			buildConfigurationList = B12338E52A7422B600DF2CE9 /* Build configuration list for PBXNativeTarget "LoveAppUITests" */;
			buildPhases = (
				B12338D12A7422B600DF2CE9 /* Sources */,
				B12338D22A7422B600DF2CE9 /* Frameworks */,
				B12338D32A7422B600DF2CE9 /* Resources */,
			);
			buildRules = (
			);
			dependencies = (
				B12338D72A7422B600DF2CE9 /* PBXTargetDependency */,
			);
			name = LoveAppUITests;
			productName = loveAppUITests;
			productReference = B12338D52A7422B600DF2CE9 /* LoveAppUITests.xctest */;
			productType = "com.apple.product-type.bundle.ui-testing";
		};
/* End PBXNativeTarget section */

/* Begin PBXProject section */
		B12338AD2A7422B500DF2CE9 /* Project object */ = {
			isa = PBXProject;
			attributes = {
				BuildIndependentTargetsInParallel = 1;
				LastSwiftUpdateCheck = 1430;
				LastUpgradeCheck = 1430;
				TargetAttributes = {
					B12338B42A7422B500DF2CE9 = {
						CreatedOnToolsVersion = 14.3.1;
					};
					B12338CA2A7422B600DF2CE9 = {
						CreatedOnToolsVersion = 14.3.1;
						TestTargetID = B12338B42A7422B500DF2CE9;
					};
					B12338D42A7422B600DF2CE9 = {
						CreatedOnToolsVersion = 14.3.1;
						TestTargetID = B12338B42A7422B500DF2CE9;
					};
				};
			};
			buildConfigurationList = B12338B02A7422B500DF2CE9 /* Build configuration list for PBXProject "LoveApp" */;
			compatibilityVersion = "Xcode 14.0";
			developmentRegion = en;
			hasScannedForEncodings = 0;
			knownRegions = (
				en,
				Base,
			);
			mainGroup = B12338AC2A7422B500DF2CE9;
			packageReferences = (
			);
			productRefGroup = B12338B62A7422B500DF2CE9 /* Products */;
			projectDirPath = "";
			projectRoot = "";
			targets = (
				B12338B42A7422B500DF2CE9 /* LoveApp */,
				B12338CA2A7422B600DF2CE9 /* LoveAppTests */,
				B12338D42A7422B600DF2CE9 /* LoveAppUITests */,
			);
		};
/* End PBXProject section */

/* Begin PBXResourcesBuildPhase section */
		B12338B32A7422B500DF2CE9 /* Resources */ = {
			isa = PBXResourcesBuildPhase;
			buildActionMask = 2147483647;
			files = (
				B12338F82A7535C300DF2CE9 /* SignInVC.xib in Resources */,
				B123397B2A7D25BB00DF2CE9 /* ProfileEditTableCell.xib in Resources */,
				B12339442A7AB96400DF2CE9 /* TableViewCell.xib in Resources */,
				B12339582A7C056200DF2CE9 /* SafetyVC.xib in Resources */,
				B12338FC2A75427E00DF2CE9 /* GoogleService-Info.plist in Resources */,
				B12339672A7C610000DF2CE9 /* ChatVC.xib in Resources */,
				B12339402A7AB94100DF2CE9 /* CollectionViewCell.xib in Resources */,
				B123390A2A754A1900DF2CE9 /* HomeVC.xib in Resources */,
				B12338C52A7422B600DF2CE9 /* LaunchScreen.storyboard in Resources */,
				B12339532A7C040600DF2CE9 /* ProfileEditVC.xib in Resources */,
				B12339712A7D198E00DF2CE9 /* UserDetailVC.xib in Resources */,
				B12339762A7D1C5D00DF2CE9 /* UserDetailTableCell.xib in Resources */,
				B12339362A7A77E000DF2CE9 /* ProfileVC.xib in Resources */,
				B123395D2A7C157700DF2CE9 /* SettingsVC.xib in Resources */,
				B123392A2A79288A00DF2CE9 /* SignUpVC.xib in Resources */,
				B12338C22A7422B600DF2CE9 /* Assets.xcassets in Resources */,
				B12339492A7BC1D000DF2CE9 /* FilterVC.xib in Resources */,
				6CC457CE2A77AB1A00C3DF81 /* ReadMe.md in Resources */,
				B12339622A7C5F8500DF2CE9 /* SettingsTableCell.xib in Resources */,
				B123390E2A75577900DF2CE9 /* CustomView.xib in Resources */,
				B12339322A79A8DD00DF2CE9 /* MessageVC.xib in Resources */,
			);
			runOnlyForDeploymentPostprocessing = 0;
		};
		B12338C92A7422B600DF2CE9 /* Resources */ = {
			isa = PBXResourcesBuildPhase;
			buildActionMask = 2147483647;
			files = (
			);
			runOnlyForDeploymentPostprocessing = 0;
		};
		B12338D32A7422B600DF2CE9 /* Resources */ = {
			isa = PBXResourcesBuildPhase;
			buildActionMask = 2147483647;
			files = (
			);
			runOnlyForDeploymentPostprocessing = 0;
		};
/* End PBXResourcesBuildPhase section */

/* Begin PBXSourcesBuildPhase section */
		B12338B12A7422B500DF2CE9 /* Sources */ = {
			isa = PBXSourcesBuildPhase;
			buildActionMask = 2147483647;
			files = (
				B12339572A7C056200DF2CE9 /* SafetyVC.swift in Sources */,
				B12339482A7BC1D000DF2CE9 /* FilterVC.swift in Sources */,
				B12339352A7A77E000DF2CE9 /* ProfileVC.swift in Sources */,
				B12339612A7C5F8500DF2CE9 /* SettingsTableCell.swift in Sources */,
				B12339702A7D198E00DF2CE9 /* UserDetailVC.swift in Sources */,
				B12338FA2A753D6D00DF2CE9 /* SignInViewModel.swift in Sources */,
				B123393F2A7AB94100DF2CE9 /* CollectionViewCell.swift in Sources */,
				B123392C2A79370000DF2CE9 /* SignUpViewModel.swift in Sources */,
				B12339432A7AB96400DF2CE9 /* TableViewCell.swift in Sources */,
				B12339092A754A1900DF2CE9 /* HomeVC.swift in Sources */,
				B12339662A7C610000DF2CE9 /* ChatVC.swift in Sources */,
				B12339152A75865500DF2CE9 /* UserModel.swift in Sources */,
				B123397A2A7D25BB00DF2CE9 /* ProfileEditTableCell.swift in Sources */,
				B12339312A79A8DD00DF2CE9 /* MessageVC.swift in Sources */,
				B12338B92A7422B500DF2CE9 /* AppDelegate.swift in Sources */,
				B12339292A79288A00DF2CE9 /* SignUpVC.swift in Sources */,
				B12339102A75578600DF2CE9 /* CustomView.swift in Sources */,
				B12339382A7A77EF00DF2CE9 /* MainCoordinator.swift in Sources */,
				B12338BB2A7422B500DF2CE9 /* SceneDelegate.swift in Sources */,
				B12339242A77FE6000DF2CE9 /* Coordinator.swift in Sources */,
				B123391B2A76FD5A00DF2CE9 /* CustomViewModel.swift in Sources */,
				B12338F72A7535C300DF2CE9 /* SignInVC.swift in Sources */,
				B12339122A755DA300DF2CE9 /* UIView+Extensions.swift in Sources */,
				B123397D2A7D910A00DF2CE9 /* AdsModel.swift in Sources */,
				B123391D2A77F92F00DF2CE9 /* UIColor+Extension.swift in Sources */,
				B123395C2A7C157700DF2CE9 /* SettingsVC.swift in Sources */,
				B12339752A7D1C5D00DF2CE9 /* UserDetailTableCell.swift in Sources */,
				B123393A2A7A7BE500DF2CE9 /* TabbarController.swift in Sources */,
				B12339522A7C040600DF2CE9 /* ProfileEditVC.swift in Sources */,
			);
			runOnlyForDeploymentPostprocessing = 0;
		};
		B12338C72A7422B600DF2CE9 /* Sources */ = {
			isa = PBXSourcesBuildPhase;
			buildActionMask = 2147483647;
			files = (
				B12338D02A7422B600DF2CE9 /* loveAppTests.swift in Sources */,
			);
			runOnlyForDeploymentPostprocessing = 0;
		};
		B12338D12A7422B600DF2CE9 /* Sources */ = {
			isa = PBXSourcesBuildPhase;
			buildActionMask = 2147483647;
			files = (
				B12338DC2A7422B600DF2CE9 /* loveAppUITestsLaunchTests.swift in Sources */,
				B12338DA2A7422B600DF2CE9 /* loveAppUITests.swift in Sources */,
			);
			runOnlyForDeploymentPostprocessing = 0;
		};
/* End PBXSourcesBuildPhase section */

/* Begin PBXTargetDependency section */
		B12338CD2A7422B600DF2CE9 /* PBXTargetDependency */ = {
			isa = PBXTargetDependency;
			target = B12338B42A7422B500DF2CE9 /* LoveApp */;
			targetProxy = B12338CC2A7422B600DF2CE9 /* PBXContainerItemProxy */;
		};
		B12338D72A7422B600DF2CE9 /* PBXTargetDependency */ = {
			isa = PBXTargetDependency;
			target = B12338B42A7422B500DF2CE9 /* LoveApp */;
			targetProxy = B12338D62A7422B600DF2CE9 /* PBXContainerItemProxy */;
		};
/* End PBXTargetDependency section */

/* Begin PBXVariantGroup section */
		B12338C32A7422B600DF2CE9 /* LaunchScreen.storyboard */ = {
			isa = PBXVariantGroup;
			children = (
				B12338F22A7534EF00DF2CE9 /* Base */,
			);
			name = LaunchScreen.storyboard;
			sourceTree = "<group>";
		};
/* End PBXVariantGroup section */

/* Begin XCBuildConfiguration section */
		B12338DD2A7422B600DF2CE9 /* Debug */ = {
			isa = XCBuildConfiguration;
			buildSettings = {
				ALWAYS_SEARCH_USER_PATHS = NO;
				CLANG_ANALYZER_LOCALIZABILITY_NONLOCALIZED = YES;
				CLANG_ANALYZER_NONNULL = YES;
				CLANG_ANALYZER_NUMBER_OBJECT_CONVERSION = YES_AGGRESSIVE;
				CLANG_CXX_LANGUAGE_STANDARD = "gnu++20";
				CLANG_ENABLE_MODULES = YES;
				CLANG_ENABLE_OBJC_ARC = YES;
				CLANG_ENABLE_OBJC_WEAK = YES;
				CLANG_WARN_BLOCK_CAPTURE_AUTORELEASING = YES;
				CLANG_WARN_BOOL_CONVERSION = YES;
				CLANG_WARN_COMMA = YES;
				CLANG_WARN_CONSTANT_CONVERSION = YES;
				CLANG_WARN_DEPRECATED_OBJC_IMPLEMENTATIONS = YES;
				CLANG_WARN_DIRECT_OBJC_ISA_USAGE = YES_ERROR;
				CLANG_WARN_DOCUMENTATION_COMMENTS = YES;
				CLANG_WARN_EMPTY_BODY = YES;
				CLANG_WARN_ENUM_CONVERSION = YES;
				CLANG_WARN_INFINITE_RECURSION = YES;
				CLANG_WARN_INT_CONVERSION = YES;
				CLANG_WARN_NON_LITERAL_NULL_CONVERSION = YES;
				CLANG_WARN_OBJC_IMPLICIT_RETAIN_SELF = YES;
				CLANG_WARN_OBJC_LITERAL_CONVERSION = YES;
				CLANG_WARN_OBJC_ROOT_CLASS = YES_ERROR;
				CLANG_WARN_QUOTED_INCLUDE_IN_FRAMEWORK_HEADER = YES;
				CLANG_WARN_RANGE_LOOP_ANALYSIS = YES;
				CLANG_WARN_STRICT_PROTOTYPES = YES;
				CLANG_WARN_SUSPICIOUS_MOVE = YES;
				CLANG_WARN_UNGUARDED_AVAILABILITY = YES_AGGRESSIVE;
				CLANG_WARN_UNREACHABLE_CODE = YES;
				CLANG_WARN__DUPLICATE_METHOD_MATCH = YES;
				COPY_PHASE_STRIP = NO;
				DEBUG_INFORMATION_FORMAT = dwarf;
				ENABLE_STRICT_OBJC_MSGSEND = YES;
				ENABLE_TESTABILITY = YES;
				GCC_C_LANGUAGE_STANDARD = gnu11;
				GCC_DYNAMIC_NO_PIC = NO;
				GCC_NO_COMMON_BLOCKS = YES;
				GCC_OPTIMIZATION_LEVEL = 0;
				GCC_PREPROCESSOR_DEFINITIONS = (
					"DEBUG=1",
					"$(inherited)",
				);
				GCC_WARN_64_TO_32_BIT_CONVERSION = YES;
				GCC_WARN_ABOUT_RETURN_TYPE = YES_ERROR;
				GCC_WARN_UNDECLARED_SELECTOR = YES;
				GCC_WARN_UNINITIALIZED_AUTOS = YES_AGGRESSIVE;
				GCC_WARN_UNUSED_FUNCTION = YES;
				GCC_WARN_UNUSED_VARIABLE = YES;
				IPHONEOS_DEPLOYMENT_TARGET = 16.4;
				MTL_ENABLE_DEBUG_INFO = INCLUDE_SOURCE;
				MTL_FAST_MATH = YES;
				ONLY_ACTIVE_ARCH = YES;
				SDKROOT = iphoneos;
				SWIFT_ACTIVE_COMPILATION_CONDITIONS = DEBUG;
				SWIFT_OPTIMIZATION_LEVEL = "-Onone";
			};
			name = Debug;
		};
		B12338DE2A7422B600DF2CE9 /* Release */ = {
			isa = XCBuildConfiguration;
			buildSettings = {
				ALWAYS_SEARCH_USER_PATHS = NO;
				CLANG_ANALYZER_LOCALIZABILITY_NONLOCALIZED = YES;
				CLANG_ANALYZER_NONNULL = YES;
				CLANG_ANALYZER_NUMBER_OBJECT_CONVERSION = YES_AGGRESSIVE;
				CLANG_CXX_LANGUAGE_STANDARD = "gnu++20";
				CLANG_ENABLE_MODULES = YES;
				CLANG_ENABLE_OBJC_ARC = YES;
				CLANG_ENABLE_OBJC_WEAK = YES;
				CLANG_WARN_BLOCK_CAPTURE_AUTORELEASING = YES;
				CLANG_WARN_BOOL_CONVERSION = YES;
				CLANG_WARN_COMMA = YES;
				CLANG_WARN_CONSTANT_CONVERSION = YES;
				CLANG_WARN_DEPRECATED_OBJC_IMPLEMENTATIONS = YES;
				CLANG_WARN_DIRECT_OBJC_ISA_USAGE = YES_ERROR;
				CLANG_WARN_DOCUMENTATION_COMMENTS = YES;
				CLANG_WARN_EMPTY_BODY = YES;
				CLANG_WARN_ENUM_CONVERSION = YES;
				CLANG_WARN_INFINITE_RECURSION = YES;
				CLANG_WARN_INT_CONVERSION = YES;
				CLANG_WARN_NON_LITERAL_NULL_CONVERSION = YES;
				CLANG_WARN_OBJC_IMPLICIT_RETAIN_SELF = YES;
				CLANG_WARN_OBJC_LITERAL_CONVERSION = YES;
				CLANG_WARN_OBJC_ROOT_CLASS = YES_ERROR;
				CLANG_WARN_QUOTED_INCLUDE_IN_FRAMEWORK_HEADER = YES;
				CLANG_WARN_RANGE_LOOP_ANALYSIS = YES;
				CLANG_WARN_STRICT_PROTOTYPES = YES;
				CLANG_WARN_SUSPICIOUS_MOVE = YES;
				CLANG_WARN_UNGUARDED_AVAILABILITY = YES_AGGRESSIVE;
				CLANG_WARN_UNREACHABLE_CODE = YES;
				CLANG_WARN__DUPLICATE_METHOD_MATCH = YES;
				COPY_PHASE_STRIP = NO;
				DEBUG_INFORMATION_FORMAT = "dwarf-with-dsym";
				ENABLE_NS_ASSERTIONS = NO;
				ENABLE_STRICT_OBJC_MSGSEND = YES;
				GCC_C_LANGUAGE_STANDARD = gnu11;
				GCC_NO_COMMON_BLOCKS = YES;
				GCC_WARN_64_TO_32_BIT_CONVERSION = YES;
				GCC_WARN_ABOUT_RETURN_TYPE = YES_ERROR;
				GCC_WARN_UNDECLARED_SELECTOR = YES;
				GCC_WARN_UNINITIALIZED_AUTOS = YES_AGGRESSIVE;
				GCC_WARN_UNUSED_FUNCTION = YES;
				GCC_WARN_UNUSED_VARIABLE = YES;
				IPHONEOS_DEPLOYMENT_TARGET = 16.4;
				MTL_ENABLE_DEBUG_INFO = NO;
				MTL_FAST_MATH = YES;
				SDKROOT = iphoneos;
				SWIFT_COMPILATION_MODE = wholemodule;
				SWIFT_OPTIMIZATION_LEVEL = "-O";
				VALIDATE_PRODUCT = YES;
			};
			name = Release;
		};
		B12338E02A7422B600DF2CE9 /* Debug */ = {
			isa = XCBuildConfiguration;
			buildSettings = {
				ASSETCATALOG_COMPILER_APPICON_NAME = AppIcon;
				ASSETCATALOG_COMPILER_GLOBAL_ACCENT_COLOR_NAME = AccentColor;
				CODE_SIGN_STYLE = Automatic;
				CURRENT_PROJECT_VERSION = 1;
				DEVELOPMENT_TEAM = 6QH6D63J33;
				GENERATE_INFOPLIST_FILE = YES;
				INFOPLIST_FILE = loveApp/Info.plist;
				INFOPLIST_KEY_UIApplicationSupportsIndirectInputEvents = YES;
				INFOPLIST_KEY_UILaunchStoryboardName = LaunchScreen;
				INFOPLIST_KEY_UISupportedInterfaceOrientations = UIInterfaceOrientationPortrait;
				INFOPLIST_KEY_UIUserInterfaceStyle = Dark;
				LD_RUNPATH_SEARCH_PATHS = (
					"$(inherited)",
					"@executable_path/Frameworks",
				);
				MARKETING_VERSION = 1.0;
				PRODUCT_BUNDLE_IDENTIFIER = com.okanerdincarslan.loveApp;
				PRODUCT_NAME = "$(TARGET_NAME)";
				SUPPORTED_PLATFORMS = "iphoneos iphonesimulator";
				SUPPORTS_MACCATALYST = NO;
				SUPPORTS_MAC_DESIGNED_FOR_IPHONE_IPAD = YES;
				SWIFT_EMIT_LOC_STRINGS = YES;
				SWIFT_VERSION = 5.0;
				TARGETED_DEVICE_FAMILY = 1;
			};
			name = Debug;
		};
		B12338E12A7422B600DF2CE9 /* Release */ = {
			isa = XCBuildConfiguration;
			buildSettings = {
				ASSETCATALOG_COMPILER_APPICON_NAME = AppIcon;
				ASSETCATALOG_COMPILER_GLOBAL_ACCENT_COLOR_NAME = AccentColor;
				CODE_SIGN_STYLE = Automatic;
				CURRENT_PROJECT_VERSION = 1;
				DEVELOPMENT_TEAM = 6QH6D63J33;
				GENERATE_INFOPLIST_FILE = YES;
				INFOPLIST_FILE = loveApp/Info.plist;
				INFOPLIST_KEY_UIApplicationSupportsIndirectInputEvents = YES;
				INFOPLIST_KEY_UILaunchStoryboardName = LaunchScreen;
				INFOPLIST_KEY_UISupportedInterfaceOrientations = UIInterfaceOrientationPortrait;
				INFOPLIST_KEY_UIUserInterfaceStyle = Dark;
				LD_RUNPATH_SEARCH_PATHS = (
					"$(inherited)",
					"@executable_path/Frameworks",
				);
				MARKETING_VERSION = 1.0;
				PRODUCT_BUNDLE_IDENTIFIER = com.okanerdincarslan.loveApp;
				PRODUCT_NAME = "$(TARGET_NAME)";
				SUPPORTED_PLATFORMS = "iphoneos iphonesimulator";
				SUPPORTS_MACCATALYST = NO;
				SUPPORTS_MAC_DESIGNED_FOR_IPHONE_IPAD = YES;
				SWIFT_EMIT_LOC_STRINGS = YES;
				SWIFT_VERSION = 5.0;
				TARGETED_DEVICE_FAMILY = 1;
			};
			name = Release;
		};
		B12338E32A7422B600DF2CE9 /* Debug */ = {
			isa = XCBuildConfiguration;
			buildSettings = {
				ALWAYS_EMBED_SWIFT_STANDARD_LIBRARIES = YES;
				BUNDLE_LOADER = "$(TEST_HOST)";
				CODE_SIGN_STYLE = Automatic;
				CURRENT_PROJECT_VERSION = 1;
				DEVELOPMENT_TEAM = 6QH6D63J33;
				GENERATE_INFOPLIST_FILE = YES;
				IPHONEOS_DEPLOYMENT_TARGET = 16.4;
				MARKETING_VERSION = 1.0;
				PRODUCT_BUNDLE_IDENTIFIER = com.okanerdincarslan.loveAppTests;
				PRODUCT_NAME = "$(TARGET_NAME)";
				SWIFT_EMIT_LOC_STRINGS = NO;
				SWIFT_VERSION = 5.0;
				TARGETED_DEVICE_FAMILY = "1,2";
				TEST_HOST = "$(BUILT_PRODUCTS_DIR)/LoveApp.app/$(BUNDLE_EXECUTABLE_FOLDER_PATH)/LoveApp";
			};
			name = Debug;
		};
		B12338E42A7422B600DF2CE9 /* Release */ = {
			isa = XCBuildConfiguration;
			buildSettings = {
				ALWAYS_EMBED_SWIFT_STANDARD_LIBRARIES = YES;
				BUNDLE_LOADER = "$(TEST_HOST)";
				CODE_SIGN_STYLE = Automatic;
				CURRENT_PROJECT_VERSION = 1;
				DEVELOPMENT_TEAM = 6QH6D63J33;
				GENERATE_INFOPLIST_FILE = YES;
				IPHONEOS_DEPLOYMENT_TARGET = 16.4;
				MARKETING_VERSION = 1.0;
				PRODUCT_BUNDLE_IDENTIFIER = com.okanerdincarslan.loveAppTests;
				PRODUCT_NAME = "$(TARGET_NAME)";
				SWIFT_EMIT_LOC_STRINGS = NO;
				SWIFT_VERSION = 5.0;
				TARGETED_DEVICE_FAMILY = "1,2";
				TEST_HOST = "$(BUILT_PRODUCTS_DIR)/LoveApp.app/$(BUNDLE_EXECUTABLE_FOLDER_PATH)/LoveApp";
			};
			name = Release;
		};
		B12338E62A7422B600DF2CE9 /* Debug */ = {
			isa = XCBuildConfiguration;
			buildSettings = {
				ALWAYS_EMBED_SWIFT_STANDARD_LIBRARIES = YES;
				CODE_SIGN_STYLE = Automatic;
				CURRENT_PROJECT_VERSION = 1;
				DEVELOPMENT_TEAM = 6QH6D63J33;
				GENERATE_INFOPLIST_FILE = YES;
				MARKETING_VERSION = 1.0;
				PRODUCT_BUNDLE_IDENTIFIER = com.okanerdincarslan.loveAppUITests;
				PRODUCT_NAME = "$(TARGET_NAME)";
				SWIFT_EMIT_LOC_STRINGS = NO;
				SWIFT_VERSION = 5.0;
				TARGETED_DEVICE_FAMILY = "1,2";
				TEST_TARGET_NAME = loveApp;
			};
			name = Debug;
		};
		B12338E72A7422B600DF2CE9 /* Release */ = {
			isa = XCBuildConfiguration;
			buildSettings = {
				ALWAYS_EMBED_SWIFT_STANDARD_LIBRARIES = YES;
				CODE_SIGN_STYLE = Automatic;
				CURRENT_PROJECT_VERSION = 1;
				DEVELOPMENT_TEAM = 6QH6D63J33;
				GENERATE_INFOPLIST_FILE = YES;
				MARKETING_VERSION = 1.0;
				PRODUCT_BUNDLE_IDENTIFIER = com.okanerdincarslan.loveAppUITests;
				PRODUCT_NAME = "$(TARGET_NAME)";
				SWIFT_EMIT_LOC_STRINGS = NO;
				SWIFT_VERSION = 5.0;
				TARGETED_DEVICE_FAMILY = "1,2";
				TEST_TARGET_NAME = loveApp;
			};
			name = Release;
		};
/* End XCBuildConfiguration section */

/* Begin XCConfigurationList section */
		B12338B02A7422B500DF2CE9 /* Build configuration list for PBXProject "LoveApp" */ = {
			isa = XCConfigurationList;
			buildConfigurations = (
				B12338DD2A7422B600DF2CE9 /* Debug */,
				B12338DE2A7422B600DF2CE9 /* Release */,
			);
			defaultConfigurationIsVisible = 0;
			defaultConfigurationName = Release;
		};
		B12338DF2A7422B600DF2CE9 /* Build configuration list for PBXNativeTarget "LoveApp" */ = {
			isa = XCConfigurationList;
			buildConfigurations = (
				B12338E02A7422B600DF2CE9 /* Debug */,
				B12338E12A7422B600DF2CE9 /* Release */,
			);
			defaultConfigurationIsVisible = 0;
			defaultConfigurationName = Release;
		};
		B12338E22A7422B600DF2CE9 /* Build configuration list for PBXNativeTarget "LoveAppTests" */ = {
			isa = XCConfigurationList;
			buildConfigurations = (
				B12338E32A7422B600DF2CE9 /* Debug */,
				B12338E42A7422B600DF2CE9 /* Release */,
			);
			defaultConfigurationIsVisible = 0;
			defaultConfigurationName = Release;
		};
		B12338E52A7422B600DF2CE9 /* Build configuration list for PBXNativeTarget "LoveAppUITests" */ = {
			isa = XCConfigurationList;
			buildConfigurations = (
				B12338E62A7422B600DF2CE9 /* Debug */,
				B12338E72A7422B600DF2CE9 /* Release */,
			);
			defaultConfigurationIsVisible = 0;
			defaultConfigurationName = Release;
		};
/* End XCConfigurationList section */
	};
	rootObject = B12338AD2A7422B500DF2CE9 /* Project object */;
}
